
Microsoft Visual Studio Solution File, Format Version 12.00
# Visual Studio 15
VisualStudioVersion = 15.0.28010.2041
MinimumVisualStudioVersion = 10.0.40219.1
Project("{9A19103F-16F7-4668-BE54-9A1E7A4F7556}") = "KnockoutDemo", "KnockoutDemo.csproj", "{B04FCA8C-F3C1-4216-84F6-9D64383D7C7E}"
EndProject
Global
	GlobalSection(SolutionConfigurationPlatforms) = preSolution
		Debug|Any CPU = Debug|Any CPU
		Release|Any CPU = Release|Any CPU
	EndGlobalSection
	GlobalSection(ProjectConfigurationPlatforms) = postSolution
		{B04FCA8C-F3C1-4216-84F6-9D64383D7C7E}.Debug|Any CPU.ActiveCfg = Debug|Any CPU
		{B04FCA8C-F3C1-4216-84F6-9D64383D7C7E}.Debug|Any CPU.Build.0 = Debug|Any CPU
		{B04FCA8C-F3C1-4216-84F6-9D64383D7C7E}.Release|Any CPU.ActiveCfg = Release|Any CPU
		{B04FCA8C-F3C1-4216-84F6-9D64383D7C7E}.Release|Any CPU.Build.0 = Release|Any CPU
	EndGlobalSection
	GlobalSection(SolutionProperties) = preSolution
		HideSolutionNode = FALSE
	EndGlobalSection
	GlobalSection(ExtensibilityGlobals) = postSolution
		SolutionGuid = {0EE3CBF4-334F-46B8-AD08-FDE330206592}
	EndGlobalSection
EndGlobal
